{
  "name": "vsphere-web-services-soap",
  "version": "1.0.0",
  "lockfileVersion": 1,
  "preserveSymlinks": "1",
  "requires": true,
  "dependencies": {
    "soap-cookie": {
      "version": "0.10.1",
      "resolved": "https://registry.npmjs.org/soap-cookie/-/soap-cookie-0.10.1.tgz",
      "integrity": "sha1-fH5i83ebPkLmtYTTXsq+6SEhoj8="
    }
  }
}
